
Microsoft Visual Studio Solution File, Format Version 12.00
# Visual Studio Version 18
VisualStudioVersion = 18.6.11822.322 stable
MinimumVisualStudioVersion = 10.0.40219.1
Project("{FAE04EC0-301F-11D3-BF4B-00C04F79EFBC}") = "kart_racer", "kart_racer.csproj", "{DDFFA38B-9A52-4EF7-884D-238E17B4E7F3}"
EndProject
Global
	GlobalSection(SolutionConfigurationPlatforms) = preSolution
		Debug|Any CPU = Debug|Any CPU
		ExportDebug|Any CPU = ExportDebug|Any CPU
		ExportRelease|Any CPU = ExportRelease|Any CPU
	EndGlobalSection
	GlobalSection(ProjectConfigurationPlatforms) = postSolution
		{DDFFA38B-9A52-4EF7-884D-238E17B4E7F3}.Debug|Any CPU.ActiveCfg = Debug|Any CPU
		{DDFFA38B-9A52-4EF7-884D-238E17B4E7F3}.Debug|Any CPU.Build.0 = Debug|Any CPU
		{DDFFA38B-9A52-4EF7-884D-238E17B4E7F3}.ExportDebug|Any CPU.ActiveCfg = ExportDebug|Any CPU
		{DDFFA38B-9A52-4EF7-884D-238E17B4E7F3}.ExportDebug|Any CPU.Build.0 = ExportDebug|Any CPU
		{DDFFA38B-9A52-4EF7-884D-238E17B4E7F3}.ExportRelease|Any CPU.ActiveCfg = ExportRelease|Any CPU
		{DDFFA38B-9A52-4EF7-884D-238E17B4E7F3}.ExportRelease|Any CPU.Build.0 = ExportRelease|Any CPU
	EndGlobalSection
	GlobalSection(SolutionProperties) = preSolution
		HideSolutionNode = FALSE
	EndGlobalSection
	GlobalSection(ExtensibilityGlobals) = postSolution
		SolutionGuid = {B81B5D6E-4579-4EB2-91EE-2EC0F076E59E}
	EndGlobalSection
EndGlobal
